// !$*UTF8*$!
{
	archiveVersion = 1;
	classes = {
	};
	objectVersion = 48;
	objects = {

/* Begin PBXBuildFile section */
		3C1ED0DD204A605600661DF6 /* AppDelegate.swift in Sources */ = {isa = PBXBuildFile; fileRef = 3C1ED0DC204A605600661DF6 /* AppDelegate.swift */; };
		3C1ED0DF204A605600661DF6 /* ViewController.swift in Sources */ = {isa = PBXBuildFile; fileRef = 3C1ED0DE204A605600661DF6 /* ViewController.swift */; };
		3C1ED0E2204A605600661DF6 /* Main.storyboard in Resources */ = {isa = PBXBuildFile; fileRef = 3C1ED0E0204A605600661DF6 /* Main.storyboard */; };
		3C1ED0E5204A605600661DF6 /* weather_app.xcdatamodeld in Sources */ = {isa = PBXBuildFile; fileRef = 3C1ED0E3204A605600661DF6 /* weather_app.xcdatamodeld */; };
		3C1ED0E7204A605600661DF6 /* Assets.xcassets in Resources */ = {isa = PBXBuildFile; fileRef = 3C1ED0E6204A605600661DF6 /* Assets.xcassets */; };
		3C1ED0EA204A605600661DF6 /* LaunchScreen.storyboard in Resources */ = {isa = PBXBuildFile; fileRef = 3C1ED0E8204A605600661DF6 /* LaunchScreen.storyboard */; };
		3C1ED0F5204A605600661DF6 /* weather_appTests.swift in Sources */ = {isa = PBXBuildFile; fileRef = 3C1ED0F4204A605600661DF6 /* weather_appTests.swift */; };
		3C1ED100204A605600661DF6 /* weather_appUITests.swift in Sources */ = {isa = PBXBuildFile; fileRef = 3C1ED0FF204A605600661DF6 /* weather_appUITests.swift */; };
/* End PBXBuildFile section */

/* Begin PBXContainerItemProxy section */
		3C1ED0F1204A605600661DF6 /* PBXContainerItemProxy */ = {
			isa = PBXContainerItemProxy;
			containerPortal = 3C1ED0D1204A605600661DF6 /* Project object */;
			proxyType = 1;
			remoteGlobalIDString = 3C1ED0D8204A605600661DF6;
			remoteInfo = weather_app;
		};
		3C1ED0FC204A605600661DF6 /* PBXContainerItemProxy */ = {
			isa = PBXContainerItemProxy;
			containerPortal = 3C1ED0D1204A605600661DF6 /* Project object */;
			proxyType = 1;
			remoteGlobalIDString = 3C1ED0D8204A605600661DF6;
			remoteInfo = weather_app;
		};
/* End PBXContainerItemProxy section */

/* Begin PBXFileReference section */
		3C1ED0D9204A605600661DF6 /* weather_app.app */ = {isa = PBXFileReference; explicitFileType = wrapper.application; includeInIndex = 0; path = weather_app.app; sourceTree = BUILT_PRODUCTS_DIR; };
		3C1ED0DC204A605600661DF6 /* AppDelegate.swift */ = {isa = PBXFileReference; lastKnownFileType = sourcecode.swift; path = AppDelegate.swift; sourceTree = "<group>"; };
		3C1ED0DE204A605600661DF6 /* ViewController.swift */ = {isa = PBXFileReference; lastKnownFileType = sourcecode.swift; path = ViewController.swift; sourceTree = "<group>"; };
		3C1ED0E1204A605600661DF6 /* Base */ = {isa = PBXFileReference; lastKnownFileType = file.storyboard; name = Base; path = Base.lproj/Main.storyboard; sourceTree = "<group>"; };
		3C1ED0E4204A605600661DF6 /* weather_app.xcdatamodel */ = {isa = PBXFileReference; lastKnownFileType = wrapper.xcdatamodel; path = weather_app.xcdatamodel; sourceTree = "<group>"; };
		3C1ED0E6204A605600661DF6 /* Assets.xcassets */ = {isa = PBXFileReference; lastKnownFileType = folder.assetcatalog; path = Assets.xcassets; sourceTree = "<group>"; };
		3C1ED0E9204A605600661DF6 /* Base */ = {isa = PBXFileReference; lastKnownFileType = file.storyboard; name = Base; path = Base.lproj/LaunchScreen.storyboard; sourceTree = "<group>"; };
		3C1ED0EB204A605600661DF6 /* Info.plist */ = {isa = PBXFileReference; lastKnownFileType = text.plist.xml; path = Info.plist; sourceTree = "<group>"; };
		3C1ED0F0204A605600661DF6 /* weather_appTests.xctest */ = {isa = PBXFileReference; explicitFileType = wrapper.cfbundle; includeInIndex = 0; path = weather_appTests.xctest; sourceTree = BUILT_PRODUCTS_DIR; };
		3C1ED0F4204A605600661DF6 /* weather_appTests.swift */ = {isa = PBXFileReference; lastKnownFileType = sourcecode.swift; path = weather_appTests.swift; sourceTree = "<group>"; };
		3C1ED0F6204A605600661DF6 /* Info.plist */ = {isa = PBXFileReference; lastKnownFileType = text.plist.xml; path = Info.plist; sourceTree = "<group>"; };
		3C1ED0FB204A605600661DF6 /* weather_appUITests.xctest */ = {isa = PBXFileReference; explicitFileType = wrapper.cfbundle; includeInIndex = 0; path = weather_appUITests.xctest; sourceTree = BUILT_PRODUCTS_DIR; };
		3C1ED0FF204A605600661DF6 /* weather_appUITests.swift */ = {isa = PBXFileReference; lastKnownFileType = sourcecode.swift; path = weather_appUITests.swift; sourceTree = "<group>"; };
		3C1ED101204A605600661DF6 /* Info.plist */ = {isa = PBXFileReference; lastKnownFileType = text.plist.xml; path = Info.plist; sourceTree = "<group>"; };
/* End PBXFileReference section */

/* Begin PBXFrameworksBuildPhase section */
		3C1ED0D6204A605600661DF6 /* Frameworks */ = {
			isa = PBXFrameworksBuildPhase;
			buildActionMask = 2147483647;
			files = (
			);
			runOnlyForDeploymentPostprocessing = 0;
		};
		3C1ED0ED204A605600661DF6 /* Frameworks */ = {
			isa = PBXFrameworksBuildPhase;
			buildActionMask = 2147483647;
			files = (
			);
			runOnlyForDeploymentPostprocessing = 0;
		};
		3C1ED0F8204A605600661DF6 /* Frameworks */ = {
			isa = PBXFrameworksBuildPhase;
			buildActionMask = 2147483647;
			files = (
			);
			runOnlyForDeploymentPostprocessing = 0;
		};
/* End PBXFrameworksBuildPhase section */

/* Begin PBXGroup section */
		3C1ED0D0204A605600661DF6 = {
			isa = PBXGroup;
			children = (
				3C1ED0DB204A605600661DF6 /* weather_app */,
				3C1ED0F3204A605600661DF6 /* weather_appTests */,
				3C1ED0FE204A605600661DF6 /* weather_appUITests */,
				3C1ED0DA204A605600661DF6 /* Products */,
			);
			sourceTree = "<group>";
		};
		3C1ED0DA204A605600661DF6 /* Products */ = {
			isa = PBXGroup;
			children = (
				3C1ED0D9204A605600661DF6 /* weather_app.app */,
				3C1ED0F0204A605600661DF6 /* weather_appTests.xctest */,
				3C1ED0FB204A605600661DF6 /* weather_appUITests.xctest */,
			);
			name = Products;
			sourceTree = "<group>";
		};
		3C1ED0DB204A605600661DF6 /* weather_app */ = {
			isa = PBXGroup;
			children = (
				3C1ED0DC204A605600661DF6 /* AppDelegate.swift */,
				3C1ED0DE204A605600661DF6 /* ViewController.swift */,
				3C1ED0E0204A605600661DF6 /* Main.storyboard */,
				3C1ED0E6204A605600661DF6 /* Assets.xcassets */,
				3C1ED0E8204A605600661DF6 /* LaunchScreen.storyboard */,
				3C1ED0EB204A605600661DF6 /* Info.plist */,
				3C1ED0E3204A605600661DF6 /* weather_app.xcdatamodeld */,
			);
			path = weather_app;
			sourceTree = "<group>";
		};
		3C1ED0F3204A605600661DF6 /* weather_appTests */ = {
			isa = PBXGroup;
			children = (
				3C1ED0F4204A605600661DF6 /* weather_appTests.swift */,
				3C1ED0F6204A605600661DF6 /* Info.plist */,
			);
			path = weather_appTests;
			sourceTree = "<group>";
		};
		3C1ED0FE204A605600661DF6 /* weather_appUITests */ = {
			isa = PBXGroup;
			children = (
				3C1ED0FF204A605600661DF6 /* weather_appUITests.swift */,
				3C1ED101204A605600661DF6 /* Info.plist */,
			);
			path = weather_appUITests;
			sourceTree = "<group>";
		};
/* End PBXGroup section */

/* Begin PBXNativeTarget section */
		3C1ED0D8204A605600661DF6 /* weather_app */ = {
			isa = PBXNativeTarget;
			buildConfigurationList = 3C1ED104204A605600661DF6 /* Build configuration list for PBXNativeTarget "weather_app" */;
			buildPhases = (
				3C1ED0D5204A605600661DF6 /* Sources */,
				3C1ED0D6204A605600661DF6 /* Frameworks */,
				3C1ED0D7204A605600661DF6 /* Resources */,
			);
			buildRules = (
			);
			dependencies = (
			);
			name = weather_app;
			productName = weather_app;
			productReference = 3C1ED0D9204A605600661DF6 /* weather_app.app */;
			productType = "com.apple.product-type.application";
		};
		3C1ED0EF204A605600661DF6 /* weather_appTests */ = {
			isa = PBXNativeTarget;
			buildConfigurationList = 3C1ED107204A605600661DF6 /* Build configuration list for PBXNativeTarget "weather_appTests" */;
			buildPhases = (
				3C1ED0EC204A605600661DF6 /* Sources */,
				3C1ED0ED204A605600661DF6 /* Frameworks */,
				3C1ED0EE204A605600661DF6 /* Resources */,
			);
			buildRules = (
			);
			dependencies = (
				3C1ED0F2204A605600661DF6 /* PBXTargetDependency */,
			);
			name = weather_appTests;
			productName = weather_appTests;
			productReference = 3C1ED0F0204A605600661DF6 /* weather_appTests.xctest */;
			productType = "com.apple.product-type.bundle.unit-test";
		};
		3C1ED0FA204A605600661DF6 /* weather_appUITests */ = {
			isa = PBXNativeTarget;
			buildConfigurationList = 3C1ED10A204A605600661DF6 /* Build configuration list for PBXNativeTarget "weather_appUITests" */;
			buildPhases = (
				3C1ED0F7204A605600661DF6 /* Sources */,
				3C1ED0F8204A605600661DF6 /* Frameworks */,
				3C1ED0F9204A605600661DF6 /* Resources */,
			);
			buildRules = (
			);
			dependencies = (
				3C1ED0FD204A605600661DF6 /* PBXTargetDependency */,
			);
			name = weather_appUITests;
			productName = weather_appUITests;
			productReference = 3C1ED0FB204A605600661DF6 /* weather_appUITests.xctest */;
			productType = "com.apple.product-type.bundle.ui-testing";
		};
/* End PBXNativeTarget section */

/* Begin PBXProject section */
		3C1ED0D1204A605600661DF6 /* Project object */ = {
			isa = PBXProject;
			attributes = {
				LastSwiftUpdateCheck = 0920;
				LastUpgradeCheck = 0920;
				ORGANIZATIONNAME = "山田恭輔";
				TargetAttributes = {
					3C1ED0D8204A605600661DF6 = {
						CreatedOnToolsVersion = 9.2;
						ProvisioningStyle = Automatic;
					};
					3C1ED0EF204A605600661DF6 = {
						CreatedOnToolsVersion = 9.2;
						ProvisioningStyle = Automatic;
						TestTargetID = 3C1ED0D8204A605600661DF6;
					};
					3C1ED0FA204A605600661DF6 = {
						CreatedOnToolsVersion = 9.2;
						ProvisioningStyle = Automatic;
						TestTargetID = 3C1ED0D8204A605600661DF6;
					};
				};
			};
			buildConfigurationList = 3C1ED0D4204A605600661DF6 /* Build configuration list for PBXProject "weather_app" */;
			compatibilityVersion = "Xcode 8.0";
			developmentRegion = en;
			hasScannedForEncodings = 0;
			knownRegions = (
				en,
				Base,
			);
			mainGroup = 3C1ED0D0204A605600661DF6;
			productRefGroup = 3C1ED0DA204A605600661DF6 /* Products */;
			projectDirPath = "";
			projectRoot = "";
			targets = (
				3C1ED0D8204A605600661DF6 /* weather_app */,
				3C1ED0EF204A605600661DF6 /* weather_appTests */,
				3C1ED0FA204A605600661DF6 /* weather_appUITests */,
			);
		};
/* End PBXProject section */

/* Begin PBXResourcesBuildPhase section */
		3C1ED0D7204A605600661DF6 /* Resources */ = {
			isa = PBXResourcesBuildPhase;
			buildActionMask = 2147483647;
			files = (
				3C1ED0EA204A605600661DF6 /* LaunchScreen.storyboard in Resources */,
				3C1ED0E7204A605600661DF6 /* Assets.xcassets in Resources */,
				3C1ED0E2204A605600661DF6 /* Main.storyboard in Resources */,
			);
			runOnlyForDeploymentPostprocessing = 0;
		};
		3C1ED0EE204A605600661DF6 /* Resources */ = {
			isa = PBXResourcesBuildPhase;
			buildActionMask = 2147483647;
			files = (
			);
			runOnlyForDeploymentPostprocessing = 0;
		};
		3C1ED0F9204A605600661DF6 /* Resources */ = {
			isa = PBXResourcesBuildPhase;
			buildActionMask = 2147483647;
			files = (
			);
			runOnlyForDeploymentPostprocessing = 0;
		};
/* End PBXResourcesBuildPhase section */

/* Begin PBXSourcesBuildPhase section */
		3C1ED0D5204A605600661DF6 /* Sources */ = {
			isa = PBXSourcesBuildPhase;
			buildActionMask = 2147483647;
			files = (
				3C1ED0E5204A605600661DF6 /* weather_app.xcdatamodeld in Sources */,
				3C1ED0DF204A605600661DF6 /* ViewController.swift in Sources */,
				3C1ED0DD204A605600661DF6 /* AppDelegate.swift in Sources */,
			);
			runOnlyForDeploymentPostprocessing = 0;
		};
		3C1ED0EC204A605600661DF6 /* Sources */ = {
			isa = PBXSourcesBuildPhase;
			buildActionMask = 2147483647;
			files = (
				3C1ED0F5204A605600661DF6 /* weather_appTests.swift in Sources */,
			);
			runOnlyForDeploymentPostprocessing = 0;
		};
		3C1ED0F7204A605600661DF6 /* Sources */ = {
			isa = PBXSourcesBuildPhase;
			buildActionMask = 2147483647;
			files = (
				3C1ED100204A605600661DF6 /* weather_appUITests.swift in Sources */,
			);
			runOnlyForDeploymentPostprocessing = 0;
		};
/* End PBXSourcesBuildPhase section */

/* Begin PBXTargetDependency section */
		3C1ED0F2204A605600661DF6 /* PBXTargetDependency */ = {
			isa = PBXTargetDependency;
			target = 3C1ED0D8204A605600661DF6 /* weather_app */;
			targetProxy = 3C1ED0F1204A605600661DF6 /* PBXContainerItemProxy */;
		};
		3C1ED0FD204A605600661DF6 /* PBXTargetDependency */ = {
			isa = PBXTargetDependency;
			target = 3C1ED0D8204A605600661DF6 /* weather_app */;
			targetProxy = 3C1ED0FC204A605600661DF6 /* PBXContainerItemProxy */;
		};
/* End PBXTargetDependency section */

/* Begin PBXVariantGroup section */
		3C1ED0E0204A605600661DF6 /* Main.storyboard */ = {
			isa = PBXVariantGroup;
			children = (
				3C1ED0E1204A605600661DF6 /* Base */,
			);
			name = Main.storyboard;
			sourceTree = "<group>";
		};
		3C1ED0E8204A605600661DF6 /* LaunchScreen.storyboard */ = {
			isa = PBXVariantGroup;
			children = (
				3C1ED0E9204A605600661DF6 /* Base */,
			);
			name = LaunchScreen.storyboard;
			sourceTree = "<group>";
		};
/* End PBXVariantGroup section */

/* Begin XCBuildConfiguration section */
		3C1ED102204A605600661DF6 /* Debug */ = {
			isa = XCBuildConfiguration;
			buildSettings = {
				ALWAYS_SEARCH_USER_PATHS = NO;
				CLANG_ANALYZER_NONNULL = YES;
				CLANG_ANALYZER_NUMBER_OBJECT_CONVERSION = YES_AGGRESSIVE;
				CLANG_CXX_LANGUAGE_STANDARD = "gnu++14";
				CLANG_CXX_LIBRARY = "libc++";
				CLANG_ENABLE_MODULES = YES;
				CLANG_ENABLE_OBJC_ARC = YES;
				CLANG_WARN_BLOCK_CAPTURE_AUTORELEASING = YES;
				CLANG_WARN_BOOL_CONVERSION = YES;
				CLANG_WARN_COMMA = YES;
				CLANG_WARN_CONSTANT_CONVERSION = YES;
				CLANG_WARN_DIRECT_OBJC_ISA_USAGE = YES_ERROR;
				CLANG_WARN_DOCUMENTATION_COMMENTS = YES;
				CLANG_WARN_EMPTY_BODY = YES;
				CLANG_WARN_ENUM_CONVERSION = YES;
				CLANG_WARN_INFINITE_RECURSION = YES;
				CLANG_WARN_INT_CONVERSION = YES;
				CLANG_WARN_NON_LITERAL_NULL_CONVERSION = YES;
				CLANG_WARN_OBJC_LITERAL_CONVERSION = YES;
				CLANG_WARN_OBJC_ROOT_CLASS = YES_ERROR;
				CLANG_WARN_RANGE_LOOP_ANALYSIS = YES;
				CLANG_WARN_STRICT_PROTOTYPES = YES;
				CLANG_WARN_SUSPICIOUS_MOVE = YES;
				CLANG_WARN_UNGUARDED_AVAILABILITY = YES_AGGRESSIVE;
				CLANG_WARN_UNREACHABLE_CODE = YES;
				CLANG_WARN__DUPLICATE_METHOD_MATCH = YES;
				CODE_SIGN_IDENTITY = "iPhone Developer";
				COPY_PHASE_STRIP = NO;
				DEBUG_INFORMATION_FORMAT = dwarf;
				ENABLE_STRICT_OBJC_MSGSEND = YES;
				ENABLE_TESTABILITY = YES;
				GCC_C_LANGUAGE_STANDARD = gnu11;
				GCC_DYNAMIC_NO_PIC = NO;
				GCC_NO_COMMON_BLOCKS = YES;
				GCC_OPTIMIZATION_LEVEL = 0;
				GCC_PREPROCESSOR_DEFINITIONS = (
					"DEBUG=1",
					"$(inherited)",
				);
				GCC_WARN_64_TO_32_BIT_CONVERSION = YES;
				GCC_WARN_ABOUT_RETURN_TYPE = YES_ERROR;
				GCC_WARN_UNDECLARED_SELECTOR = YES;
				GCC_WARN_UNINITIALIZED_AUTOS = YES_AGGRESSIVE;
				GCC_WARN_UNUSED_FUNCTION = YES;
				GCC_WARN_UNUSED_VARIABLE = YES;
				IPHONEOS_DEPLOYMENT_TARGET = 11.2;
				MTL_ENABLE_DEBUG_INFO = YES;
				ONLY_ACTIVE_ARCH = YES;
				SDKROOT = iphoneos;
				SWIFT_ACTIVE_COMPILATION_CONDITIONS = DEBUG;
				SWIFT_OPTIMIZATION_LEVEL = "-Onone";
			};
			name = Debug;
		};
		3C1ED103204A605600661DF6 /* Release */ = {
			isa = XCBuildConfiguration;
			buildSettings = {
				ALWAYS_SEARCH_USER_PATHS = NO;
				CLANG_ANALYZER_NONNULL = YES;
				CLANG_ANALYZER_NUMBER_OBJECT_CONVERSION = YES_AGGRESSIVE;
				CLANG_CXX_LANGUAGE_STANDARD = "gnu++14";
				CLANG_CXX_LIBRARY = "libc++";
				CLANG_ENABLE_MODULES = YES;
				CLANG_ENABLE_OBJC_ARC = YES;
				CLANG_WARN_BLOCK_CAPTURE_AUTORELEASING = YES;
				CLANG_WARN_BOOL_CONVERSION = YES;
				CLANG_WARN_COMMA = YES;
				CLANG_WARN_CONSTANT_CONVERSION = YES;
				CLANG_WARN_DIRECT_OBJC_ISA_USAGE = YES_ERROR;
				CLANG_WARN_DOCUMENTATION_COMMENTS = YES;
				CLANG_WARN_EMPTY_BODY = YES;
				CLANG_WARN_ENUM_CONVERSION = YES;
				CLANG_WARN_INFINITE_RECURSION = YES;
				CLANG_WARN_INT_CONVERSION = YES;
				CLANG_WARN_NON_LITERAL_NULL_CONVERSION = YES;
				CLANG_WARN_OBJC_LITERAL_CONVERSION = YES;
				CLANG_WARN_OBJC_ROOT_CLASS = YES_ERROR;
				CLANG_WARN_RANGE_LOOP_ANALYSIS = YES;
				CLANG_WARN_STRICT_PROTOTYPES = YES;
				CLANG_WARN_SUSPICIOUS_MOVE = YES;
				CLANG_WARN_UNGUARDED_AVAILABILITY = YES_AGGRESSIVE;
				CLANG_WARN_UNREACHABLE_CODE = YES;
				CLANG_WARN__DUPLICATE_METHOD_MATCH = YES;
				CODE_SIGN_IDENTITY = "iPhone Developer";
				COPY_PHASE_STRIP = NO;
				DEBUG_INFORMATION_FORMAT = "dwarf-with-dsym";
				ENABLE_NS_ASSERTIONS = NO;
				ENABLE_STRICT_OBJC_MSGSEND = YES;
				GCC_C_LANGUAGE_STANDARD = gnu11;
				GCC_NO_COMMON_BLOCKS = YES;
				GCC_WARN_64_TO_32_BIT_CONVERSION = YES;
				GCC_WARN_ABOUT_RETURN_TYPE = YES_ERROR;
				GCC_WARN_UNDECLARED_SELECTOR = YES;
				GCC_WARN_UNINITIALIZED_AUTOS = YES_AGGRESSIVE;
				GCC_WARN_UNUSED_FUNCTION = YES;
				GCC_WARN_UNUSED_VARIABLE = YES;
				IPHONEOS_DEPLOYMENT_TARGET = 11.2;
				MTL_ENABLE_DEBUG_INFO = NO;
				SDKROOT = iphoneos;
				SWIFT_OPTIMIZATION_LEVEL = "-Owholemodule";
				VALIDATE_PRODUCT = YES;
			};
			name = Release;
		};
		3C1ED105204A605600661DF6 /* Debug */ = {
			isa = XCBuildConfiguration;
			buildSettings = {
				ASSETCATALOG_COMPILER_APPICON_NAME = AppIcon;
				CODE_SIGN_STYLE = Automatic;
				DEVELOPMENT_TEAM = LHW6D52V9X;
				INFOPLIST_FILE = weather_app/Info.plist;
				LD_RUNPATH_SEARCH_PATHS = "$(inherited) @executable_path/Frameworks";
				PRODUCT_BUNDLE_IDENTIFIER = "hoge.weather-app";
				PRODUCT_NAME = "$(TARGET_NAME)";
				SWIFT_VERSION = 4.0;
				TARGETED_DEVICE_FAMILY = "1,2";
			};
			name = Debug;
		};
		3C1ED106204A605600661DF6 /* Release */ = {
			isa = XCBuildConfiguration;
			buildSettings = {
				ASSETCATALOG_COMPILER_APPICON_NAME = AppIcon;
				CODE_SIGN_STYLE = Automatic;
				DEVELOPMENT_TEAM = LHW6D52V9X;
				INFOPLIST_FILE = weather_app/Info.plist;
				LD_RUNPATH_SEARCH_PATHS = "$(inherited) @executable_path/Frameworks";
				PRODUCT_BUNDLE_IDENTIFIER = "hoge.weather-app";
				PRODUCT_NAME = "$(TARGET_NAME)";
				SWIFT_VERSION = 4.0;
				TARGETED_DEVICE_FAMILY = "1,2";
			};
			name = Release;
		};
		3C1ED108204A605600661DF6 /* Debug */ = {
			isa = XCBuildConfiguration;
			buildSettings = {
				ALWAYS_EMBED_SWIFT_STANDARD_LIBRARIES = YES;
				BUNDLE_LOADER = "$(TEST_HOST)";
				CODE_SIGN_STYLE = Automatic;
				DEVELOPMENT_TEAM = LHW6D52V9X;
				INFOPLIST_FILE = weather_appTests/Info.plist;
				LD_RUNPATH_SEARCH_PATHS = "$(inherited) @executable_path/Frameworks @loader_path/Frameworks";
				PRODUCT_BUNDLE_IDENTIFIER = "hoge.weather-appTests";
				PRODUCT_NAME = "$(TARGET_NAME)";
				SWIFT_VERSION = 4.0;
				TARGETED_DEVICE_FAMILY = "1,2";
				TEST_HOST = "$(BUILT_PRODUCTS_DIR)/weather_app.app/weather_app";
			};
			name = Debug;
		};
		3C1ED109204A605600661DF6 /* Release */ = {
			isa = XCBuildConfiguration;
			buildSettings = {
				ALWAYS_EMBED_SWIFT_STANDARD_LIBRARIES = YES;
				BUNDLE_LOADER = "$(TEST_HOST)";
				CODE_SIGN_STYLE = Automatic;
				DEVELOPMENT_TEAM = LHW6D52V9X;
				INFOPLIST_FILE = weather_appTests/Info.plist;
				LD_RUNPATH_SEARCH_PATHS = "$(inherited) @executable_path/Frameworks @loader_path/Frameworks";
				PRODUCT_BUNDLE_IDENTIFIER = "hoge.weather-appTests";
				PRODUCT_NAME = "$(TARGET_NAME)";
				SWIFT_VERSION = 4.0;
				TARGETED_DEVICE_FAMILY = "1,2";
				TEST_HOST = "$(BUILT_PRODUCTS_DIR)/weather_app.app/weather_app";
			};
			name = Release;
		};
		3C1ED10B204A605600661DF6 /* Debug */ = {
			isa = XCBuildConfiguration;
			buildSettings = {
				ALWAYS_EMBED_SWIFT_STANDARD_LIBRARIES = YES;
				CODE_SIGN_STYLE = Automatic;
				DEVELOPMENT_TEAM = LHW6D52V9X;
				INFOPLIST_FILE = weather_appUITests/Info.plist;
				LD_RUNPATH_SEARCH_PATHS = "$(inherited) @executable_path/Frameworks @loader_path/Frameworks";
				PRODUCT_BUNDLE_IDENTIFIER = "hoge.weather-appUITests";
				PRODUCT_NAME = "$(TARGET_NAME)";
				SWIFT_VERSION = 4.0;
				TARGETED_DEVICE_FAMILY = "1,2";
				TEST_TARGET_NAME = weather_app;
			};
			name = Debug;
		};
		3C1ED10C204A605600661DF6 /* Release */ = {
			isa = XCBuildConfiguration;
			buildSettings = {
				ALWAYS_EMBED_SWIFT_STANDARD_LIBRARIES = YES;
				CODE_SIGN_STYLE = Automatic;
				DEVELOPMENT_TEAM = LHW6D52V9X;
				INFOPLIST_FILE = weather_appUITests/Info.plist;
				LD_RUNPATH_SEARCH_PATHS = "$(inherited) @executable_path/Frameworks @loader_path/Frameworks";
				PRODUCT_BUNDLE_IDENTIFIER = "hoge.weather-appUITests";
				PRODUCT_NAME = "$(TARGET_NAME)";
				SWIFT_VERSION = 4.0;
				TARGETED_DEVICE_FAMILY = "1,2";
				TEST_TARGET_NAME = weather_app;
			};
			name = Release;
		};
/* End XCBuildConfiguration section */

/* Begin XCConfigurationList section */
		3C1ED0D4204A605600661DF6 /* Build configuration list for PBXProject "weather_app" */ = {
			isa = XCConfigurationList;
			buildConfigurations = (
				3C1ED102204A605600661DF6 /* Debug */,
				3C1ED103204A605600661DF6 /* Release */,
			);
			defaultConfigurationIsVisible = 0;
			defaultConfigurationName = Release;
		};
		3C1ED104204A605600661DF6 /* Build configuration list for PBXNativeTarget "weather_app" */ = {
			isa = XCConfigurationList;
			buildConfigurations = (
				3C1ED105204A605600661DF6 /* Debug */,
				3C1ED106204A605600661DF6 /* Release */,
			);
			defaultConfigurationIsVisible = 0;
			defaultConfigurationName = Release;
		};
		3C1ED107204A605600661DF6 /* Build configuration list for PBXNativeTarget "weather_appTests" */ = {
			isa = XCConfigurationList;
			buildConfigurations = (
				3C1ED108204A605600661DF6 /* Debug */,
				3C1ED109204A605600661DF6 /* Release */,
			);
			defaultConfigurationIsVisible = 0;
			defaultConfigurationName = Release;
		};
		3C1ED10A204A605600661DF6 /* Build configuration list for PBXNativeTarget "weather_appUITests" */ = {
			isa = XCConfigurationList;
			buildConfigurations = (
				3C1ED10B204A605600661DF6 /* Debug */,
				3C1ED10C204A605600661DF6 /* Release */,
			);
			defaultConfigurationIsVisible = 0;
			defaultConfigurationName = Release;
		};
/* End XCConfigurationList section */

/* Begin XCVersionGroup section */
		3C1ED0E3204A605600661DF6 /* weather_app.xcdatamodeld */ = {
			isa = XCVersionGroup;
			children = (
				3C1ED0E4204A605600661DF6 /* weather_app.xcdatamodel */,
			);
			currentVersion = 3C1ED0E4204A605600661DF6 /* weather_app.xcdatamodel */;
			path = weather_app.xcdatamodeld;
			sourceTree = "<group>";
			versionGroupType = wrapper.xcdatamodel;
		};
/* End XCVersionGroup section */
	};
	rootObject = 3C1ED0D1204A605600661DF6 /* Project object */;
}
